// !$*UTF8*$!
{
	archiveVersion = 1;
	classes = {
	};
	objectVersion = 46;
	objects = {

/* Begin PBXBuildFile section */
		6926CACD1D1C0807009C5239 /* AppDelegate.swift in Sources */ = {isa = PBXBuildFile; fileRef = 6926CACC1D1C0807009C5239 /* AppDelegate.swift */; };
		6926CACF1D1C0807009C5239 /* ViewController.swift in Sources */ = {isa = PBXBuildFile; fileRef = 6926CACE1D1C0807009C5239 /* ViewController.swift */; };
		6926CAD21D1C0808009C5239 /* Main.storyboard in Resources */ = {isa = PBXBuildFile; fileRef = 6926CAD01D1C0808009C5239 /* Main.storyboard */; };
		6926CAD41D1C0808009C5239 /* Assets.xcassets in Resources */ = {isa = PBXBuildFile; fileRef = 6926CAD31D1C0808009C5239 /* Assets.xcassets */; };
		6926CAD71D1C0808009C5239 /* LaunchScreen.storyboard in Resources */ = {isa = PBXBuildFile; fileRef = 6926CAD51D1C0808009C5239 /* LaunchScreen.storyboard */; };
		6926CAE21D1C0808009C5239 /* HoratareaTests.swift in Sources */ = {isa = PBXBuildFile; fileRef = 6926CAE11D1C0808009C5239 /* HoratareaTests.swift */; };
		6926CAED1D1C0808009C5239 /* HoratareaUITests.swift in Sources */ = {isa = PBXBuildFile; fileRef = 6926CAEC1D1C0808009C5239 /* HoratareaUITests.swift */; };
		8201E8091D88284300495EF0 /* InputViewController.swift in Sources */ = {isa = PBXBuildFile; fileRef = 8201E8081D88284300495EF0 /* InputViewController.swift */; };
		8201E80B1D8828B400495EF0 /* MainTabController.swift in Sources */ = {isa = PBXBuildFile; fileRef = 8201E80A1D8828B400495EF0 /* MainTabController.swift */; };
		8201E80D1D88290E00495EF0 /* TodoViewController.swift in Sources */ = {isa = PBXBuildFile; fileRef = 8201E80C1D88290E00495EF0 /* TodoViewController.swift */; };
		8201E8111D882B4400495EF0 /* addimage.png in Resources */ = {isa = PBXBuildFile; fileRef = 8201E80F1D882B4400495EF0 /* addimage.png */; };
		8201E8121D882B4400495EF0 /* todoimage.png in Resources */ = {isa = PBXBuildFile; fileRef = 8201E8101D882B4400495EF0 /* todoimage.png */; };
/* End PBXBuildFile section */

/* Begin PBXContainerItemProxy section */
		6926CADE1D1C0808009C5239 /* PBXContainerItemProxy */ = {
			isa = PBXContainerItemProxy;
			containerPortal = 6926CAC11D1C0807009C5239 /* Project object */;
			proxyType = 1;
			remoteGlobalIDString = 6926CAC81D1C0807009C5239;
			remoteInfo = Horatarea;
		};
		6926CAE91D1C0808009C5239 /* PBXContainerItemProxy */ = {
			isa = PBXContainerItemProxy;
			containerPortal = 6926CAC11D1C0807009C5239 /* Project object */;
			proxyType = 1;
			remoteGlobalIDString = 6926CAC81D1C0807009C5239;
			remoteInfo = Horatarea;
		};
/* End PBXContainerItemProxy section */

/* Begin PBXFileReference section */
		6926CAC91D1C0807009C5239 /* Horatarea.app */ = {isa = PBXFileReference; explicitFileType = wrapper.application; includeInIndex = 0; path = Horatarea.app; sourceTree = BUILT_PRODUCTS_DIR; };
		6926CACC1D1C0807009C5239 /* AppDelegate.swift */ = {isa = PBXFileReference; lastKnownFileType = sourcecode.swift; path = AppDelegate.swift; sourceTree = "<group>"; };
		6926CACE1D1C0807009C5239 /* ViewController.swift */ = {isa = PBXFileReference; lastKnownFileType = sourcecode.swift; path = ViewController.swift; sourceTree = "<group>"; };
		6926CAD11D1C0808009C5239 /* Base */ = {isa = PBXFileReference; lastKnownFileType = file.storyboard; name = Base; path = Base.lproj/Main.storyboard; sourceTree = "<group>"; };
		6926CAD31D1C0808009C5239 /* Assets.xcassets */ = {isa = PBXFileReference; lastKnownFileType = folder.assetcatalog; path = Assets.xcassets; sourceTree = "<group>"; };
		6926CAD61D1C0808009C5239 /* Base */ = {isa = PBXFileReference; lastKnownFileType = file.storyboard; name = Base; path = Base.lproj/LaunchScreen.storyboard; sourceTree = "<group>"; };
		6926CAD81D1C0808009C5239 /* Info.plist */ = {isa = PBXFileReference; lastKnownFileType = text.plist.xml; path = Info.plist; sourceTree = "<group>"; };
		6926CADD1D1C0808009C5239 /* HoratareaTests.xctest */ = {isa = PBXFileReference; explicitFileType = wrapper.cfbundle; includeInIndex = 0; path = HoratareaTests.xctest; sourceTree = BUILT_PRODUCTS_DIR; };
		6926CAE11D1C0808009C5239 /* HoratareaTests.swift */ = {isa = PBXFileReference; lastKnownFileType = sourcecode.swift; path = HoratareaTests.swift; sourceTree = "<group>"; };
		6926CAE31D1C0808009C5239 /* Info.plist */ = {isa = PBXFileReference; lastKnownFileType = text.plist.xml; path = Info.plist; sourceTree = "<group>"; };
		6926CAE81D1C0808009C5239 /* HoratareaUITests.xctest */ = {isa = PBXFileReference; explicitFileType = wrapper.cfbundle; includeInIndex = 0; path = HoratareaUITests.xctest; sourceTree = BUILT_PRODUCTS_DIR; };
		6926CAEC1D1C0808009C5239 /* HoratareaUITests.swift */ = {isa = PBXFileReference; lastKnownFileType = sourcecode.swift; path = HoratareaUITests.swift; sourceTree = "<group>"; };
		6926CAEE1D1C0808009C5239 /* Info.plist */ = {isa = PBXFileReference; lastKnownFileType = text.plist.xml; path = Info.plist; sourceTree = "<group>"; };
		8201E8081D88284300495EF0 /* InputViewController.swift */ = {isa = PBXFileReference; fileEncoding = 4; lastKnownFileType = sourcecode.swift; path = InputViewController.swift; sourceTree = "<group>"; };
		8201E80A1D8828B400495EF0 /* MainTabController.swift */ = {isa = PBXFileReference; fileEncoding = 4; lastKnownFileType = sourcecode.swift; path = MainTabController.swift; sourceTree = "<group>"; };
		8201E80C1D88290E00495EF0 /* TodoViewController.swift */ = {isa = PBXFileReference; fileEncoding = 4; lastKnownFileType = sourcecode.swift; path = TodoViewController.swift; sourceTree = "<group>"; };
		8201E80F1D882B4400495EF0 /* addimage.png */ = {isa = PBXFileReference; lastKnownFileType = image.png; path = addimage.png; sourceTree = "<group>"; };
		8201E8101D882B4400495EF0 /* todoimage.png */ = {isa = PBXFileReference; lastKnownFileType = image.png; path = todoimage.png; sourceTree = "<group>"; };
/* End PBXFileReference section */

/* Begin PBXFrameworksBuildPhase section */
		6926CAC61D1C0807009C5239 /* Frameworks */ = {
			isa = PBXFrameworksBuildPhase;
			buildActionMask = 2147483647;
			files = (
			);
			runOnlyForDeploymentPostprocessing = 0;
		};
		6926CADA1D1C0808009C5239 /* Frameworks */ = {
			isa = PBXFrameworksBuildPhase;
			buildActionMask = 2147483647;
			files = (
			);
			runOnlyForDeploymentPostprocessing = 0;
		};
		6926CAE51D1C0808009C5239 /* Frameworks */ = {
			isa = PBXFrameworksBuildPhase;
			buildActionMask = 2147483647;
			files = (
			);
			runOnlyForDeploymentPostprocessing = 0;
		};
/* End PBXFrameworksBuildPhase section */

/* Begin PBXGroup section */
		6926CAC01D1C0807009C5239 = {
			isa = PBXGroup;
			children = (
				6926CACB1D1C0807009C5239 /* Horatarea */,
				6926CAE01D1C0808009C5239 /* HoratareaTests */,
				6926CAEB1D1C0808009C5239 /* HoratareaUITests */,
				6926CACA1D1C0807009C5239 /* Products */,
			);
			sourceTree = "<group>";
		};
		6926CACA1D1C0807009C5239 /* Products */ = {
			isa = PBXGroup;
			children = (
				6926CAC91D1C0807009C5239 /* Horatarea.app */,
				6926CADD1D1C0808009C5239 /* HoratareaTests.xctest */,
				6926CAE81D1C0808009C5239 /* HoratareaUITests.xctest */,
			);
			name = Products;
			sourceTree = "<group>";
		};
		6926CACB1D1C0807009C5239 /* Horatarea */ = {
			isa = PBXGroup;
			children = (
				8201E80E1D882B2D00495EF0 /* image */,
				6926CACC1D1C0807009C5239 /* AppDelegate.swift */,
				6926CACE1D1C0807009C5239 /* ViewController.swift */,
				8201E8081D88284300495EF0 /* InputViewController.swift */,
				8201E80C1D88290E00495EF0 /* TodoViewController.swift */,
				8201E80A1D8828B400495EF0 /* MainTabController.swift */,
				6926CAD01D1C0808009C5239 /* Main.storyboard */,
				6926CAD31D1C0808009C5239 /* Assets.xcassets */,
				6926CAD51D1C0808009C5239 /* LaunchScreen.storyboard */,
				6926CAD81D1C0808009C5239 /* Info.plist */,
			);
			path = Horatarea;
			sourceTree = "<group>";
		};
		6926CAE01D1C0808009C5239 /* HoratareaTests */ = {
			isa = PBXGroup;
			children = (
				6926CAE11D1C0808009C5239 /* HoratareaTests.swift */,
				6926CAE31D1C0808009C5239 /* Info.plist */,
			);
			path = HoratareaTests;
			sourceTree = "<group>";
		};
		6926CAEB1D1C0808009C5239 /* HoratareaUITests */ = {
			isa = PBXGroup;
			children = (
				6926CAEC1D1C0808009C5239 /* HoratareaUITests.swift */,
				6926CAEE1D1C0808009C5239 /* Info.plist */,
			);
			path = HoratareaUITests;
			sourceTree = "<group>";
		};
		8201E80E1D882B2D00495EF0 /* image */ = {
			isa = PBXGroup;
			children = (
				8201E80F1D882B4400495EF0 /* addimage.png */,
				8201E8101D882B4400495EF0 /* todoimage.png */,
			);
			name = image;
			sourceTree = "<group>";
		};
/* End PBXGroup section */

/* Begin PBXNativeTarget section */
		6926CAC81D1C0807009C5239 /* Horatarea */ = {
			isa = PBXNativeTarget;
			buildConfigurationList = 6926CAF11D1C0808009C5239 /* Build configuration list for PBXNativeTarget "Horatarea" */;
			buildPhases = (
				6926CAC51D1C0807009C5239 /* Sources */,
				6926CAC61D1C0807009C5239 /* Frameworks */,
				6926CAC71D1C0807009C5239 /* Resources */,
			);
			buildRules = (
			);
			dependencies = (
			);
			name = Horatarea;
			productName = Horatarea;
			productReference = 6926CAC91D1C0807009C5239 /* Horatarea.app */;
			productType = "com.apple.product-type.application";
		};
		6926CADC1D1C0808009C5239 /* HoratareaTests */ = {
			isa = PBXNativeTarget;
			buildConfigurationList = 6926CAF41D1C0808009C5239 /* Build configuration list for PBXNativeTarget "HoratareaTests" */;
			buildPhases = (
				6926CAD91D1C0808009C5239 /* Sources */,
				6926CADA1D1C0808009C5239 /* Frameworks */,
				6926CADB1D1C0808009C5239 /* Resources */,
			);
			buildRules = (
			);
			dependencies = (
				6926CADF1D1C0808009C5239 /* PBXTargetDependency */,
			);
			name = HoratareaTests;
			productName = HoratareaTests;
			productReference = 6926CADD1D1C0808009C5239 /* HoratareaTests.xctest */;
			productType = "com.apple.product-type.bundle.unit-test";
		};
		6926CAE71D1C0808009C5239 /* HoratareaUITests */ = {
			isa = PBXNativeTarget;
			buildConfigurationList = 6926CAF71D1C0808009C5239 /* Build configuration list for PBXNativeTarget "HoratareaUITests" */;
			buildPhases = (
				6926CAE41D1C0808009C5239 /* Sources */,
				6926CAE51D1C0808009C5239 /* Frameworks */,
				6926CAE61D1C0808009C5239 /* Resources */,
			);
			buildRules = (
			);
			dependencies = (
				6926CAEA1D1C0808009C5239 /* PBXTargetDependency */,
			);
			name = HoratareaUITests;
			productName = HoratareaUITests;
			productReference = 6926CAE81D1C0808009C5239 /* HoratareaUITests.xctest */;
			productType = "com.apple.product-type.bundle.ui-testing";
		};
/* End PBXNativeTarget section */

/* Begin PBXProject section */
		6926CAC11D1C0807009C5239 /* Project object */ = {
			isa = PBXProject;
			attributes = {
				LastSwiftUpdateCheck = 0710;
				LastUpgradeCheck = 0710;
				ORGANIZATIONNAME = "Hiroki MATSUMOTO";
				TargetAttributes = {
					6926CAC81D1C0807009C5239 = {
						CreatedOnToolsVersion = 7.1;
					};
					6926CADC1D1C0808009C5239 = {
						CreatedOnToolsVersion = 7.1;
						TestTargetID = 6926CAC81D1C0807009C5239;
					};
					6926CAE71D1C0808009C5239 = {
						CreatedOnToolsVersion = 7.1;
						TestTargetID = 6926CAC81D1C0807009C5239;
					};
				};
			};
			buildConfigurationList = 6926CAC41D1C0807009C5239 /* Build configuration list for PBXProject "Horatarea" */;
			compatibilityVersion = "Xcode 3.2";
			developmentRegion = English;
			hasScannedForEncodings = 0;
			knownRegions = (
				en,
				Base,
			);
			mainGroup = 6926CAC01D1C0807009C5239;
			productRefGroup = 6926CACA1D1C0807009C5239 /* Products */;
			projectDirPath = "";
			projectRoot = "";
			targets = (
				6926CAC81D1C0807009C5239 /* Horatarea */,
				6926CADC1D1C0808009C5239 /* HoratareaTests */,
				6926CAE71D1C0808009C5239 /* HoratareaUITests */,
			);
		};
/* End PBXProject section */

/* Begin PBXResourcesBuildPhase section */
		6926CAC71D1C0807009C5239 /* Resources */ = {
			isa = PBXResourcesBuildPhase;
			buildActionMask = 2147483647;
			files = (
				8201E8121D882B4400495EF0 /* todoimage.png in Resources */,
				6926CAD71D1C0808009C5239 /* LaunchScreen.storyboard in Resources */,
				6926CAD41D1C0808009C5239 /* Assets.xcassets in Resources */,
				6926CAD21D1C0808009C5239 /* Main.storyboard in Resources */,
				8201E8111D882B4400495EF0 /* addimage.png in Resources */,
			);
			runOnlyForDeploymentPostprocessing = 0;
		};
		6926CADB1D1C0808009C5239 /* Resources */ = {
			isa = PBXResourcesBuildPhase;
			buildActionMask = 2147483647;
			files = (
			);
			runOnlyForDeploymentPostprocessing = 0;
		};
		6926CAE61D1C0808009C5239 /* Resources */ = {
			isa = PBXResourcesBuildPhase;
			buildActionMask = 2147483647;
			files = (
			);
			runOnlyForDeploymentPostprocessing = 0;
		};
/* End PBXResourcesBuildPhase section */

/* Begin PBXSourcesBuildPhase section */
		6926CAC51D1C0807009C5239 /* Sources */ = {
			isa = PBXSourcesBuildPhase;
			buildActionMask = 2147483647;
			files = (
				8201E80D1D88290E00495EF0 /* TodoViewController.swift in Sources */,
				8201E8091D88284300495EF0 /* InputViewController.swift in Sources */,
				6926CACF1D1C0807009C5239 /* ViewController.swift in Sources */,
				8201E80B1D8828B400495EF0 /* MainTabController.swift in Sources */,
				6926CACD1D1C0807009C5239 /* AppDelegate.swift in Sources */,
			);
			runOnlyForDeploymentPostprocessing = 0;
		};
		6926CAD91D1C0808009C5239 /* Sources */ = {
			isa = PBXSourcesBuildPhase;
			buildActionMask = 2147483647;
			files = (
				6926CAE21D1C0808009C5239 /* HoratareaTests.swift in Sources */,
			);
			runOnlyForDeploymentPostprocessing = 0;
		};
		6926CAE41D1C0808009C5239 /* Sources */ = {
			isa = PBXSourcesBuildPhase;
			buildActionMask = 2147483647;
			files = (
				6926CAED1D1C0808009C5239 /* HoratareaUITests.swift in Sources */,
			);
			runOnlyForDeploymentPostprocessing = 0;
		};
/* End PBXSourcesBuildPhase section */

/* Begin PBXTargetDependency section */
		6926CADF1D1C0808009C5239 /* PBXTargetDependency */ = {
			isa = PBXTargetDependency;
			target = 6926CAC81D1C0807009C5239 /* Horatarea */;
			targetProxy = 6926CADE1D1C0808009C5239 /* PBXContainerItemProxy */;
		};
		6926CAEA1D1C0808009C5239 /* PBXTargetDependency */ = {
			isa = PBXTargetDependency;
			target = 6926CAC81D1C0807009C5239 /* Horatarea */;
			targetProxy = 6926CAE91D1C0808009C5239 /* PBXContainerItemProxy */;
		};
/* End PBXTargetDependency section */

/* Begin PBXVariantGroup section */
		6926CAD01D1C0808009C5239 /* Main.storyboard */ = {
			isa = PBXVariantGroup;
			children = (
				6926CAD11D1C0808009C5239 /* Base */,
			);
			name = Main.storyboard;
			sourceTree = "<group>";
		};
		6926CAD51D1C0808009C5239 /* LaunchScreen.storyboard */ = {
			isa = PBXVariantGroup;
			children = (
				6926CAD61D1C0808009C5239 /* Base */,
			);
			name = LaunchScreen.storyboard;
			sourceTree = "<group>";
		};
/* End PBXVariantGroup section */

/* Begin XCBuildConfiguration section */
		6926CAEF1D1C0808009C5239 /* Debug */ = {
			isa = XCBuildConfiguration;
			buildSettings = {
				ALWAYS_SEARCH_USER_PATHS = NO;
				CLANG_CXX_LANGUAGE_STANDARD = "gnu++0x";
				CLANG_CXX_LIBRARY = "libc++";
				CLANG_ENABLE_MODULES = YES;
				CLANG_ENABLE_OBJC_ARC = YES;
				CLANG_WARN_BOOL_CONVERSION = YES;
				CLANG_WARN_CONSTANT_CONVERSION = YES;
				CLANG_WARN_DIRECT_OBJC_ISA_USAGE = YES_ERROR;
				CLANG_WARN_EMPTY_BODY = YES;
				CLANG_WARN_ENUM_CONVERSION = YES;
				CLANG_WARN_INT_CONVERSION = YES;
				CLANG_WARN_OBJC_ROOT_CLASS = YES_ERROR;
				CLANG_WARN_UNREACHABLE_CODE = YES;
				CLANG_WARN__DUPLICATE_METHOD_MATCH = YES;
				"CODE_SIGN_IDENTITY[sdk=iphoneos*]" = "iPhone Developer";
				COPY_PHASE_STRIP = NO;
				DEBUG_INFORMATION_FORMAT = dwarf;
				ENABLE_STRICT_OBJC_MSGSEND = YES;
				ENABLE_TESTABILITY = YES;
				GCC_C_LANGUAGE_STANDARD = gnu99;
				GCC_DYNAMIC_NO_PIC = NO;
				GCC_NO_COMMON_BLOCKS = YES;
				GCC_OPTIMIZATION_LEVEL = 0;
				GCC_PREPROCESSOR_DEFINITIONS = (
					"DEBUG=1",
					"$(inherited)",
				);
				GCC_WARN_64_TO_32_BIT_CONVERSION = YES;
				GCC_WARN_ABOUT_RETURN_TYPE = YES_ERROR;
				GCC_WARN_UNDECLARED_SELECTOR = YES;
				GCC_WARN_UNINITIALIZED_AUTOS = YES_AGGRESSIVE;
				GCC_WARN_UNUSED_FUNCTION = YES;
				GCC_WARN_UNUSED_VARIABLE = YES;
				IPHONEOS_DEPLOYMENT_TARGET = 9.1;
				MTL_ENABLE_DEBUG_INFO = YES;
				ONLY_ACTIVE_ARCH = YES;
				SDKROOT = iphoneos;
				SWIFT_OPTIMIZATION_LEVEL = "-Onone";
			};
			name = Debug;
		};
		6926CAF01D1C0808009C5239 /* Release */ = {
			isa = XCBuildConfiguration;
			buildSettings = {
				ALWAYS_SEARCH_USER_PATHS = NO;
				CLANG_CXX_LANGUAGE_STANDARD = "gnu++0x";
				CLANG_CXX_LIBRARY = "libc++";
				CLANG_ENABLE_MODULES = YES;
				CLANG_ENABLE_OBJC_ARC = YES;
				CLANG_WARN_BOOL_CONVERSION = YES;
				CLANG_WARN_CONSTANT_CONVERSION = YES;
				CLANG_WARN_DIRECT_OBJC_ISA_USAGE = YES_ERROR;
				CLANG_WARN_EMPTY_BODY = YES;
				CLANG_WARN_ENUM_CONVERSION = YES;
				CLANG_WARN_INT_CONVERSION = YES;
				CLANG_WARN_OBJC_ROOT_CLASS = YES_ERROR;
				CLANG_WARN_UNREACHABLE_CODE = YES;
				CLANG_WARN__DUPLICATE_METHOD_MATCH = YES;
				"CODE_SIGN_IDENTITY[sdk=iphoneos*]" = "iPhone Developer";
				COPY_PHASE_STRIP = NO;
				DEBUG_INFORMATION_FORMAT = "dwarf-with-dsym";
				ENABLE_NS_ASSERTIONS = NO;
				ENABLE_STRICT_OBJC_MSGSEND = YES;
				GCC_C_LANGUAGE_STANDARD = gnu99;
				GCC_NO_COMMON_BLOCKS = YES;
				GCC_WARN_64_TO_32_BIT_CONVERSION = YES;
				GCC_WARN_ABOUT_RETURN_TYPE = YES_ERROR;
				GCC_WARN_UNDECLARED_SELECTOR = YES;
				GCC_WARN_UNINITIALIZED_AUTOS = YES_AGGRESSIVE;
				GCC_WARN_UNUSED_FUNCTION = YES;
				GCC_WARN_UNUSED_VARIABLE = YES;
				IPHONEOS_DEPLOYMENT_TARGET = 9.1;
				MTL_ENABLE_DEBUG_INFO = NO;
				SDKROOT = iphoneos;
				VALIDATE_PRODUCT = YES;
			};
			name = Release;
		};
		6926CAF21D1C0808009C5239 /* Debug */ = {
			isa = XCBuildConfiguration;
			buildSettings = {
				ASSETCATALOG_COMPILER_APPICON_NAME = AppIcon;
				INFOPLIST_FILE = Horatarea/Info.plist;
				LD_RUNPATH_SEARCH_PATHS = "$(inherited) @executable_path/Frameworks";
				PRODUCT_BUNDLE_IDENTIFIER = Edu.myself.Horatarea;
				PRODUCT_NAME = "$(TARGET_NAME)";
			};
			name = Debug;
		};
		6926CAF31D1C0808009C5239 /* Release */ = {
			isa = XCBuildConfiguration;
			buildSettings = {
				ASSETCATALOG_COMPILER_APPICON_NAME = AppIcon;
				INFOPLIST_FILE = Horatarea/Info.plist;
				LD_RUNPATH_SEARCH_PATHS = "$(inherited) @executable_path/Frameworks";
				PRODUCT_BUNDLE_IDENTIFIER = Edu.myself.Horatarea;
				PRODUCT_NAME = "$(TARGET_NAME)";
			};
			name = Release;
		};
		6926CAF51D1C0808009C5239 /* Debug */ = {
			isa = XCBuildConfiguration;
			buildSettings = {
				BUNDLE_LOADER = "$(TEST_HOST)";
				INFOPLIST_FILE = HoratareaTests/Info.plist;
				LD_RUNPATH_SEARCH_PATHS = "$(inherited) @executable_path/Frameworks @loader_path/Frameworks";
				PRODUCT_BUNDLE_IDENTIFIER = Edu.myself.HoratareaTests;
				PRODUCT_NAME = "$(TARGET_NAME)";
				TEST_HOST = "$(BUILT_PRODUCTS_DIR)/Horatarea.app/Horatarea";
			};
			name = Debug;
		};
		6926CAF61D1C0808009C5239 /* Release */ = {
			isa = XCBuildConfiguration;
			buildSettings = {
				BUNDLE_LOADER = "$(TEST_HOST)";
				INFOPLIST_FILE = HoratareaTests/Info.plist;
				LD_RUNPATH_SEARCH_PATHS = "$(inherited) @executable_path/Frameworks @loader_path/Frameworks";
				PRODUCT_BUNDLE_IDENTIFIER = Edu.myself.HoratareaTests;
				PRODUCT_NAME = "$(TARGET_NAME)";
				TEST_HOST = "$(BUILT_PRODUCTS_DIR)/Horatarea.app/Horatarea";
			};
			name = Release;
		};
		6926CAF81D1C0808009C5239 /* Debug */ = {
			isa = XCBuildConfiguration;
			buildSettings = {
				INFOPLIST_FILE = HoratareaUITests/Info.plist;
				LD_RUNPATH_SEARCH_PATHS = "$(inherited) @executable_path/Frameworks @loader_path/Frameworks";
				PRODUCT_BUNDLE_IDENTIFIER = Edu.myself.HoratareaUITests;
				PRODUCT_NAME = "$(TARGET_NAME)";
				TEST_TARGET_NAME = Horatarea;
				USES_XCTRUNNER = YES;
			};
			name = Debug;
		};
		6926CAF91D1C0808009C5239 /* Release */ = {
			isa = XCBuildConfiguration;
			buildSettings = {
				INFOPLIST_FILE = HoratareaUITests/Info.plist;
				LD_RUNPATH_SEARCH_PATHS = "$(inherited) @executable_path/Frameworks @loader_path/Frameworks";
				PRODUCT_BUNDLE_IDENTIFIER = Edu.myself.HoratareaUITests;
				PRODUCT_NAME = "$(TARGET_NAME)";
				TEST_TARGET_NAME = Horatarea;
				USES_XCTRUNNER = YES;
			};
			name = Release;
		};
/* End XCBuildConfiguration section */

/* Begin XCConfigurationList section */
		6926CAC41D1C0807009C5239 /* Build configuration list for PBXProject "Horatarea" */ = {
			isa = XCConfigurationList;
			buildConfigurations = (
				6926CAEF1D1C0808009C5239 /* Debug */,
				6926CAF01D1C0808009C5239 /* Release */,
			);
			defaultConfigurationIsVisible = 0;
			defaultConfigurationName = Release;
		};
		6926CAF11D1C0808009C5239 /* Build configuration list for PBXNativeTarget "Horatarea" */ = {
			isa = XCConfigurationList;
			buildConfigurations = (
				6926CAF21D1C0808009C5239 /* Debug */,
				6926CAF31D1C0808009C5239 /* Release */,
			);
			defaultConfigurationIsVisible = 0;
			defaultConfigurationName = Release;
		};
		6926CAF41D1C0808009C5239 /* Build configuration list for PBXNativeTarget "HoratareaTests" */ = {
			isa = XCConfigurationList;
			buildConfigurations = (
				6926CAF51D1C0808009C5239 /* Debug */,
				6926CAF61D1C0808009C5239 /* Release */,
			);
			defaultConfigurationIsVisible = 0;
			defaultConfigurationName = Release;
		};
		6926CAF71D1C0808009C5239 /* Build configuration list for PBXNativeTarget "HoratareaUITests" */ = {
			isa = XCConfigurationList;
			buildConfigurations = (
				6926CAF81D1C0808009C5239 /* Debug */,
				6926CAF91D1C0808009C5239 /* Release */,
			);
			defaultConfigurationIsVisible = 0;
			defaultConfigurationName = Release;
		};
/* End XCConfigurationList section */
	};
	rootObject = 6926CAC11D1C0807009C5239 /* Project object */;
}
